// !$*UTF8*$!
{
	archiveVersion = 1;
	classes = {
	};
	objectVersion = 56;
	objects = {

/* Begin PBXBuildFile section */
		8C2713302ADE920600DEC978 /* PlanetDetailViewModel.swift in Sources */ = {isa = PBXBuildFile; fileRef = 8C27132F2ADE920600DEC978 /* PlanetDetailViewModel.swift */; };
		8C2713322ADE92D400DEC978 /* PlanetDetailViewController.swift in Sources */ = {isa = PBXBuildFile; fileRef = 8C2713312ADE92D400DEC978 /* PlanetDetailViewController.swift */; };
		8C67F01A2ADFD31A00CCAED5 /* NavigationController + Extensions.swift in Sources */ = {isa = PBXBuildFile; fileRef = 8C67F0192ADFD31A00CCAED5 /* NavigationController + Extensions.swift */; };
		8C67F01E2AE0097B00CCAED5 /* PlanetDetailViewController + Extensions.swift in Sources */ = {isa = PBXBuildFile; fileRef = 8C67F01D2AE0097B00CCAED5 /* PlanetDetailViewController + Extensions.swift */; };
		8C67F0362AE0350E00CCAED5 /* mercury3d.scn in Resources */ = {isa = PBXBuildFile; fileRef = 8C67F02D2AE0350D00CCAED5 /* mercury3d.scn */; };
		8C67F0372AE0350E00CCAED5 /* saturn3d.scn in Resources */ = {isa = PBXBuildFile; fileRef = 8C67F02E2AE0350E00CCAED5 /* saturn3d.scn */; };
		8C67F0382AE0350E00CCAED5 /* uranus3d.scn in Resources */ = {isa = PBXBuildFile; fileRef = 8C67F02F2AE0350E00CCAED5 /* uranus3d.scn */; };
		8C67F0392AE0350E00CCAED5 /* jupiter3d.scn in Resources */ = {isa = PBXBuildFile; fileRef = 8C67F0302AE0350E00CCAED5 /* jupiter3d.scn */; };
		8C67F03A2AE0350E00CCAED5 /* neptune3d.scn in Resources */ = {isa = PBXBuildFile; fileRef = 8C67F0312AE0350E00CCAED5 /* neptune3d.scn */; };
		8C67F03B2AE0350E00CCAED5 /* venus3d.scn in Resources */ = {isa = PBXBuildFile; fileRef = 8C67F0322AE0350E00CCAED5 /* venus3d.scn */; };
		8C67F03C2AE0350E00CCAED5 /* earth3d.scn in Resources */ = {isa = PBXBuildFile; fileRef = 8C67F0332AE0350E00CCAED5 /* earth3d.scn */; };
		8C67F03D2AE0350E00CCAED5 /* mars3d.scn in Resources */ = {isa = PBXBuildFile; fileRef = 8C67F0342AE0350E00CCAED5 /* mars3d.scn */; };
		8C67F03E2AE0350E00CCAED5 /* pluto3d.scn in Resources */ = {isa = PBXBuildFile; fileRef = 8C67F0352AE0350E00CCAED5 /* pluto3d.scn */; };
		8CA657A52ADAD6F900D9C65B /* AppDelegate.swift in Sources */ = {isa = PBXBuildFile; fileRef = 8CA657A42ADAD6F900D9C65B /* AppDelegate.swift */; };
		8CA657A72ADAD6F900D9C65B /* SceneDelegate.swift in Sources */ = {isa = PBXBuildFile; fileRef = 8CA657A62ADAD6F900D9C65B /* SceneDelegate.swift */; };
		8CA657A92ADAD6F900D9C65B /* SliderScreenViewController.swift in Sources */ = {isa = PBXBuildFile; fileRef = 8CA657A82ADAD6F900D9C65B /* SliderScreenViewController.swift */; };
		8CA657AE2ADAD6FB00D9C65B /* Assets.xcassets in Resources */ = {isa = PBXBuildFile; fileRef = 8CA657AD2ADAD6FB00D9C65B /* Assets.xcassets */; };
		8CA657B12ADAD6FB00D9C65B /* LaunchScreen.storyboard in Resources */ = {isa = PBXBuildFile; fileRef = 8CA657AF2ADAD6FB00D9C65B /* LaunchScreen.storyboard */; };
		8CA657C72ADAD93100D9C65B /* n1.json in Resources */ = {isa = PBXBuildFile; fileRef = 8CA657C42ADAD93100D9C65B /* n1.json */; };
		8CA657C82ADAD93100D9C65B /* n3.json in Resources */ = {isa = PBXBuildFile; fileRef = 8CA657C52ADAD93100D9C65B /* n3.json */; };
		8CA657C92ADAD93100D9C65B /* n2.json in Resources */ = {isa = PBXBuildFile; fileRef = 8CA657C62ADAD93100D9C65B /* n2.json */; };
		8CA657CE2ADAD97C00D9C65B /* SliderCell.swift in Sources */ = {isa = PBXBuildFile; fileRef = 8CA657CA2ADAD97C00D9C65B /* SliderCell.swift */; };
		8CA657CF2ADAD97C00D9C65B /* SliderData.swift in Sources */ = {isa = PBXBuildFile; fileRef = 8CA657CB2ADAD97C00D9C65B /* SliderData.swift */; };
		8CA657D02ADAD97C00D9C65B /* SliderViewModel.swift in Sources */ = {isa = PBXBuildFile; fileRef = 8CA657CC2ADAD97C00D9C65B /* SliderViewModel.swift */; };
		8CA657D42ADAD9F800D9C65B /* Lottie in Frameworks */ = {isa = PBXBuildFile; productRef = 8CA657D32ADAD9F800D9C65B /* Lottie */; };
		8CA657D62ADADA3D00D9C65B /* HomeViewController.swift in Sources */ = {isa = PBXBuildFile; fileRef = 8CA657D52ADADA3D00D9C65B /* HomeViewController.swift */; };
		8CA657D82ADB01D200D9C65B /* HomeViewCell.swift in Sources */ = {isa = PBXBuildFile; fileRef = 8CA657D72ADB01D200D9C65B /* HomeViewCell.swift */; };
		8CA657DA2ADB0A9000D9C65B /* HomeViewModel.swift in Sources */ = {isa = PBXBuildFile; fileRef = 8CA657D92ADB0A9000D9C65B /* HomeViewModel.swift */; };
		8CA657DC2ADB0ABB00D9C65B /* PlanetData.swift in Sources */ = {isa = PBXBuildFile; fileRef = 8CA657DB2ADB0ABB00D9C65B /* PlanetData.swift */; };
/* End PBXBuildFile section */

/* Begin PBXFileReference section */
		8C27132F2ADE920600DEC978 /* PlanetDetailViewModel.swift */ = {isa = PBXFileReference; lastKnownFileType = sourcecode.swift; path = PlanetDetailViewModel.swift; sourceTree = "<group>"; };
		8C2713312ADE92D400DEC978 /* PlanetDetailViewController.swift */ = {isa = PBXFileReference; lastKnownFileType = sourcecode.swift; path = PlanetDetailViewController.swift; sourceTree = "<group>"; };
		8C67F0192ADFD31A00CCAED5 /* NavigationController + Extensions.swift */ = {isa = PBXFileReference; lastKnownFileType = sourcecode.swift; path = "NavigationController + Extensions.swift"; sourceTree = "<group>"; };
		8C67F01D2AE0097B00CCAED5 /* PlanetDetailViewController + Extensions.swift */ = {isa = PBXFileReference; lastKnownFileType = sourcecode.swift; path = "PlanetDetailViewController + Extensions.swift"; sourceTree = "<group>"; };
		8C67F02D2AE0350D00CCAED5 /* mercury3d.scn */ = {isa = PBXFileReference; lastKnownFileType = file.bplist; path = mercury3d.scn; sourceTree = "<group>"; };
		8C67F02E2AE0350E00CCAED5 /* saturn3d.scn */ = {isa = PBXFileReference; lastKnownFileType = file.bplist; path = saturn3d.scn; sourceTree = "<group>"; };
		8C67F02F2AE0350E00CCAED5 /* uranus3d.scn */ = {isa = PBXFileReference; lastKnownFileType = file.bplist; path = uranus3d.scn; sourceTree = "<group>"; };
		8C67F0302AE0350E00CCAED5 /* jupiter3d.scn */ = {isa = PBXFileReference; lastKnownFileType = file.bplist; path = jupiter3d.scn; sourceTree = "<group>"; };
		8C67F0312AE0350E00CCAED5 /* neptune3d.scn */ = {isa = PBXFileReference; lastKnownFileType = file.bplist; path = neptune3d.scn; sourceTree = "<group>"; };
		8C67F0322AE0350E00CCAED5 /* venus3d.scn */ = {isa = PBXFileReference; lastKnownFileType = file.bplist; path = venus3d.scn; sourceTree = "<group>"; };
		8C67F0332AE0350E00CCAED5 /* earth3d.scn */ = {isa = PBXFileReference; lastKnownFileType = file.bplist; path = earth3d.scn; sourceTree = "<group>"; };
		8C67F0342AE0350E00CCAED5 /* mars3d.scn */ = {isa = PBXFileReference; lastKnownFileType = file.bplist; name = mars3d.scn; path = ../../../../../../../Desktop/3d/mars3d.scn; sourceTree = "<group>"; };
		8C67F0352AE0350E00CCAED5 /* pluto3d.scn */ = {isa = PBXFileReference; lastKnownFileType = file.bplist; path = pluto3d.scn; sourceTree = "<group>"; };
		8CA657A12ADAD6F900D9C65B /* PlanetApp.app */ = {isa = PBXFileReference; explicitFileType = wrapper.application; includeInIndex = 0; path = PlanetApp.app; sourceTree = BUILT_PRODUCTS_DIR; };
		8CA657A42ADAD6F900D9C65B /* AppDelegate.swift */ = {isa = PBXFileReference; lastKnownFileType = sourcecode.swift; path = AppDelegate.swift; sourceTree = "<group>"; };
		8CA657A62ADAD6F900D9C65B /* SceneDelegate.swift */ = {isa = PBXFileReference; lastKnownFileType = sourcecode.swift; path = SceneDelegate.swift; sourceTree = "<group>"; };
		8CA657A82ADAD6F900D9C65B /* SliderScreenViewController.swift */ = {isa = PBXFileReference; lastKnownFileType = sourcecode.swift; path = SliderScreenViewController.swift; sourceTree = "<group>"; };
		8CA657AD2ADAD6FB00D9C65B /* Assets.xcassets */ = {isa = PBXFileReference; lastKnownFileType = folder.assetcatalog; path = Assets.xcassets; sourceTree = "<group>"; };
		8CA657B02ADAD6FB00D9C65B /* Base */ = {isa = PBXFileReference; lastKnownFileType = file.storyboard; name = Base; path = Base.lproj/LaunchScreen.storyboard; sourceTree = "<group>"; };
		8CA657B22ADAD6FB00D9C65B /* Info.plist */ = {isa = PBXFileReference; lastKnownFileType = text.plist.xml; path = Info.plist; sourceTree = "<group>"; };
		8CA657C42ADAD93100D9C65B /* n1.json */ = {isa = PBXFileReference; fileEncoding = 4; lastKnownFileType = text.json; path = n1.json; sourceTree = "<group>"; };
		8CA657C52ADAD93100D9C65B /* n3.json */ = {isa = PBXFileReference; fileEncoding = 4; lastKnownFileType = text.json; path = n3.json; sourceTree = "<group>"; };
		8CA657C62ADAD93100D9C65B /* n2.json */ = {isa = PBXFileReference; fileEncoding = 4; lastKnownFileType = text.json; path = n2.json; sourceTree = "<group>"; };
		8CA657CA2ADAD97C00D9C65B /* SliderCell.swift */ = {isa = PBXFileReference; fileEncoding = 4; lastKnownFileType = sourcecode.swift; path = SliderCell.swift; sourceTree = "<group>"; };
		8CA657CB2ADAD97C00D9C65B /* SliderData.swift */ = {isa = PBXFileReference; fileEncoding = 4; lastKnownFileType = sourcecode.swift; path = SliderData.swift; sourceTree = "<group>"; };
		8CA657CC2ADAD97C00D9C65B /* SliderViewModel.swift */ = {isa = PBXFileReference; fileEncoding = 4; lastKnownFileType = sourcecode.swift; path = SliderViewModel.swift; sourceTree = "<group>"; };
		8CA657D52ADADA3D00D9C65B /* HomeViewController.swift */ = {isa = PBXFileReference; lastKnownFileType = sourcecode.swift; path = HomeViewController.swift; sourceTree = "<group>"; };
		8CA657D72ADB01D200D9C65B /* HomeViewCell.swift */ = {isa = PBXFileReference; lastKnownFileType = sourcecode.swift; path = HomeViewCell.swift; sourceTree = "<group>"; };
		8CA657D92ADB0A9000D9C65B /* HomeViewModel.swift */ = {isa = PBXFileReference; lastKnownFileType = sourcecode.swift; path = HomeViewModel.swift; sourceTree = "<group>"; };
		8CA657DB2ADB0ABB00D9C65B /* PlanetData.swift */ = {isa = PBXFileReference; lastKnownFileType = sourcecode.swift; path = PlanetData.swift; sourceTree = "<group>"; };
/* End PBXFileReference section */

/* Begin PBXFrameworksBuildPhase section */
		8CA6579E2ADAD6F900D9C65B /* Frameworks */ = {
			isa = PBXFrameworksBuildPhase;
			buildActionMask = 2147483647;
			files = (
				8CA657D42ADAD9F800D9C65B /* Lottie in Frameworks */,
			);
			runOnlyForDeploymentPostprocessing = 0;
		};
/* End PBXFrameworksBuildPhase section */

/* Begin PBXGroup section */
		8C27132D2ADE91DE00DEC978 /* HomeView */ = {
			isa = PBXGroup;
			children = (
				8CA657D52ADADA3D00D9C65B /* HomeViewController.swift */,
				8CA657D72ADB01D200D9C65B /* HomeViewCell.swift */,
			);
			path = HomeView;
			sourceTree = "<group>";
		};
		8C27132E2ADE91EC00DEC978 /* DetailVIew */ = {
			isa = PBXGroup;
			children = (
				8C2713312ADE92D400DEC978 /* PlanetDetailViewController.swift */,
			);
			path = DetailVIew;
			sourceTree = "<group>";
		};
		8C67F0182ADFD30600CCAED5 /* Extensions */ = {
			isa = PBXGroup;
			children = (
				8C67F0192ADFD31A00CCAED5 /* NavigationController + Extensions.swift */,
				8C67F01D2AE0097B00CCAED5 /* PlanetDetailViewController + Extensions.swift */,
			);
			path = Extensions;
			sourceTree = "<group>";
		};
		8C67F0212AE023BB00CCAED5 /* Planets3d */ = {
			isa = PBXGroup;
			children = (
				8C67F0332AE0350E00CCAED5 /* earth3d.scn */,
				8C67F0302AE0350E00CCAED5 /* jupiter3d.scn */,
				8C67F0342AE0350E00CCAED5 /* mars3d.scn */,
				8C67F02D2AE0350D00CCAED5 /* mercury3d.scn */,
				8C67F0312AE0350E00CCAED5 /* neptune3d.scn */,
				8C67F0352AE0350E00CCAED5 /* pluto3d.scn */,
				8C67F02E2AE0350E00CCAED5 /* saturn3d.scn */,
				8C67F02F2AE0350E00CCAED5 /* uranus3d.scn */,
				8C67F0322AE0350E00CCAED5 /* venus3d.scn */,
			);
			path = Planets3d;
			sourceTree = "<group>";
		};
		8C67F0222AE023D400CCAED5 /* Resource */ = {
			isa = PBXGroup;
			children = (
				8C67F0212AE023BB00CCAED5 /* Planets3d */,
				8CA657C32ADAD90500D9C65B /* LottieFiles */,
			);
			path = Resource;
			sourceTree = "<group>";
		};
		8CA657982ADAD6F900D9C65B = {
			isa = PBXGroup;
			children = (
				8CA657A32ADAD6F900D9C65B /* PlanetApp */,
				8CA657A22ADAD6F900D9C65B /* Products */,
			);
			sourceTree = "<group>";
		};
		8CA657A22ADAD6F900D9C65B /* Products */ = {
			isa = PBXGroup;
			children = (
				8CA657A12ADAD6F900D9C65B /* PlanetApp.app */,
			);
			name = Products;
			sourceTree = "<group>";
		};
		8CA657A32ADAD6F900D9C65B /* PlanetApp */ = {
			isa = PBXGroup;
			children = (
				8CA657B82ADAD74000D9C65B /* Application */,
				8C67F0182ADFD30600CCAED5 /* Extensions */,
				8C67F0222AE023D400CCAED5 /* Resource */,
				8CA657BA2ADAD7CB00D9C65B /* MainModule */,
				8CA657B92ADAD76200D9C65B /* SupportingFiles */,
			);
			path = PlanetApp;
			sourceTree = "<group>";
		};
		8CA657B82ADAD74000D9C65B /* Application */ = {
			isa = PBXGroup;
			children = (
				8CA657A62ADAD6F900D9C65B /* SceneDelegate.swift */,
				8CA657A42ADAD6F900D9C65B /* AppDelegate.swift */,
			);
			path = Application;
			sourceTree = "<group>";
		};
		8CA657B92ADAD76200D9C65B /* SupportingFiles */ = {
			isa = PBXGroup;
			children = (
				8CA657AD2ADAD6FB00D9C65B /* Assets.xcassets */,
				8CA657AF2ADAD6FB00D9C65B /* LaunchScreen.storyboard */,
				8CA657B22ADAD6FB00D9C65B /* Info.plist */,
			);
			path = SupportingFiles;
			sourceTree = "<group>";
		};
		8CA657BA2ADAD7CB00D9C65B /* MainModule */ = {
			isa = PBXGroup;
			children = (
				8CA657BC2ADAD7EF00D9C65B /* HomeScreen */,
				8CA657BB2ADAD7E900D9C65B /* SliderScreen */,
			);
			path = MainModule;
			sourceTree = "<group>";
		};
		8CA657BB2ADAD7E900D9C65B /* SliderScreen */ = {
			isa = PBXGroup;
			children = (
				8CA657C22ADAD82A00D9C65B /* Models */,
				8CA657C12ADAD82600D9C65B /* Views */,
				8CA657C02ADAD81D00D9C65B /* ViewModels */,
			);
			path = SliderScreen;
			sourceTree = "<group>";
		};
		8CA657BC2ADAD7EF00D9C65B /* HomeScreen */ = {
			isa = PBXGroup;
			children = (
				8CA657BF2ADAD80F00D9C65B /* Models */,
				8CA657BD2ADAD80000D9C65B /* Views */,
				8CA657BE2ADAD80600D9C65B /* ViewModels */,
			);
			path = HomeScreen;
			sourceTree = "<group>";
		};
		8CA657BD2ADAD80000D9C65B /* Views */ = {
			isa = PBXGroup;
			children = (
				8C27132E2ADE91EC00DEC978 /* DetailVIew */,
				8C27132D2ADE91DE00DEC978 /* HomeView */,
			);
			path = Views;
			sourceTree = "<group>";
		};
		8CA657BE2ADAD80600D9C65B /* ViewModels */ = {
			isa = PBXGroup;
			children = (
				8CA657D92ADB0A9000D9C65B /* HomeViewModel.swift */,
				8C27132F2ADE920600DEC978 /* PlanetDetailViewModel.swift */,
			);
			path = ViewModels;
			sourceTree = "<group>";
		};
		8CA657BF2ADAD80F00D9C65B /* Models */ = {
			isa = PBXGroup;
			children = (
				8CA657DB2ADB0ABB00D9C65B /* PlanetData.swift */,
			);
			path = Models;
			sourceTree = "<group>";
		};
		8CA657C02ADAD81D00D9C65B /* ViewModels */ = {
			isa = PBXGroup;
			children = (
				8CA657CC2ADAD97C00D9C65B /* SliderViewModel.swift */,
			);
			path = ViewModels;
			sourceTree = "<group>";
		};
		8CA657C12ADAD82600D9C65B /* Views */ = {
			isa = PBXGroup;
			children = (
				8CA657A82ADAD6F900D9C65B /* SliderScreenViewController.swift */,
				8CA657CA2ADAD97C00D9C65B /* SliderCell.swift */,
			);
			path = Views;
			sourceTree = "<group>";
		};
		8CA657C22ADAD82A00D9C65B /* Models */ = {
			isa = PBXGroup;
			children = (
				8CA657CB2ADAD97C00D9C65B /* SliderData.swift */,
			);
			path = Models;
			sourceTree = "<group>";
		};
		8CA657C32ADAD90500D9C65B /* LottieFiles */ = {
			isa = PBXGroup;
			children = (
				8CA657C42ADAD93100D9C65B /* n1.json */,
				8CA657C62ADAD93100D9C65B /* n2.json */,
				8CA657C52ADAD93100D9C65B /* n3.json */,
			);
			path = LottieFiles;
			sourceTree = "<group>";
		};
/* End PBXGroup section */

/* Begin PBXNativeTarget section */
		8CA657A02ADAD6F900D9C65B /* PlanetApp */ = {
			isa = PBXNativeTarget;
			buildConfigurationList = 8CA657B52ADAD6FB00D9C65B /* Build configuration list for PBXNativeTarget "PlanetApp" */;
			buildPhases = (
				8CA6579D2ADAD6F900D9C65B /* Sources */,
				8CA6579E2ADAD6F900D9C65B /* Frameworks */,
				8CA6579F2ADAD6F900D9C65B /* Resources */,
			);
			buildRules = (
			);
			dependencies = (
			);
			name = PlanetApp;
			packageProductDependencies = (
				8CA657D32ADAD9F800D9C65B /* Lottie */,
			);
			productName = PlanetApp;
			productReference = 8CA657A12ADAD6F900D9C65B /* PlanetApp.app */;
			productType = "com.apple.product-type.application";
		};
/* End PBXNativeTarget section */

/* Begin PBXProject section */
		8CA657992ADAD6F900D9C65B /* Project object */ = {
			isa = PBXProject;
			attributes = {
				BuildIndependentTargetsInParallel = 1;
				LastSwiftUpdateCheck = 1430;
				LastUpgradeCheck = 1430;
				TargetAttributes = {
					8CA657A02ADAD6F900D9C65B = {
						CreatedOnToolsVersion = 14.3.1;
					};
				};
			};
			buildConfigurationList = 8CA6579C2ADAD6F900D9C65B /* Build configuration list for PBXProject "PlanetApp" */;
			compatibilityVersion = "Xcode 14.0";
			developmentRegion = en;
			hasScannedForEncodings = 0;
			knownRegions = (
				en,
				Base,
			);
			mainGroup = 8CA657982ADAD6F900D9C65B;
			packageReferences = (
				8CA657D22ADAD9F800D9C65B /* XCRemoteSwiftPackageReference "lottie-ios" */,
			);
			productRefGroup = 8CA657A22ADAD6F900D9C65B /* Products */;
			projectDirPath = "";
			projectRoot = "";
			targets = (
				8CA657A02ADAD6F900D9C65B /* PlanetApp */,
			);
		};
/* End PBXProject section */

/* Begin PBXResourcesBuildPhase section */
		8CA6579F2ADAD6F900D9C65B /* Resources */ = {
			isa = PBXResourcesBuildPhase;
			buildActionMask = 2147483647;
			files = (
				8C67F0362AE0350E00CCAED5 /* mercury3d.scn in Resources */,
				8C67F03B2AE0350E00CCAED5 /* venus3d.scn in Resources */,
				8CA657C82ADAD93100D9C65B /* n3.json in Resources */,
				8C67F03C2AE0350E00CCAED5 /* earth3d.scn in Resources */,
				8C67F0372AE0350E00CCAED5 /* saturn3d.scn in Resources */,
				8CA657C72ADAD93100D9C65B /* n1.json in Resources */,
				8CA657B12ADAD6FB00D9C65B /* LaunchScreen.storyboard in Resources */,
				8C67F0392AE0350E00CCAED5 /* jupiter3d.scn in Resources */,
				8C67F03A2AE0350E00CCAED5 /* neptune3d.scn in Resources */,
				8CA657AE2ADAD6FB00D9C65B /* Assets.xcassets in Resources */,
				8CA657C92ADAD93100D9C65B /* n2.json in Resources */,
				8C67F03D2AE0350E00CCAED5 /* mars3d.scn in Resources */,
				8C67F03E2AE0350E00CCAED5 /* pluto3d.scn in Resources */,
				8C67F0382AE0350E00CCAED5 /* uranus3d.scn in Resources */,
			);
			runOnlyForDeploymentPostprocessing = 0;
		};
/* End PBXResourcesBuildPhase section */

/* Begin PBXSourcesBuildPhase section */
		8CA6579D2ADAD6F900D9C65B /* Sources */ = {
			isa = PBXSourcesBuildPhase;
			buildActionMask = 2147483647;
			files = (
				8CA657A92ADAD6F900D9C65B /* SliderScreenViewController.swift in Sources */,
				8CA657DA2ADB0A9000D9C65B /* HomeViewModel.swift in Sources */,
				8CA657D82ADB01D200D9C65B /* HomeViewCell.swift in Sources */,
				8C2713322ADE92D400DEC978 /* PlanetDetailViewController.swift in Sources */,
				8CA657D02ADAD97C00D9C65B /* SliderViewModel.swift in Sources */,
				8C67F01A2ADFD31A00CCAED5 /* NavigationController + Extensions.swift in Sources */,
				8CA657A52ADAD6F900D9C65B /* AppDelegate.swift in Sources */,
				8CA657CF2ADAD97C00D9C65B /* SliderData.swift in Sources */,
				8C2713302ADE920600DEC978 /* PlanetDetailViewModel.swift in Sources */,
				8CA657CE2ADAD97C00D9C65B /* SliderCell.swift in Sources */,
				8CA657DC2ADB0ABB00D9C65B /* PlanetData.swift in Sources */,
				8CA657D62ADADA3D00D9C65B /* HomeViewController.swift in Sources */,
				8CA657A72ADAD6F900D9C65B /* SceneDelegate.swift in Sources */,
				8C67F01E2AE0097B00CCAED5 /* PlanetDetailViewController + Extensions.swift in Sources */,
			);
			runOnlyForDeploymentPostprocessing = 0;
		};
/* End PBXSourcesBuildPhase section */

/* Begin PBXVariantGroup section */
		8CA657AF2ADAD6FB00D9C65B /* LaunchScreen.storyboard */ = {
			isa = PBXVariantGroup;
			children = (
				8CA657B02ADAD6FB00D9C65B /* Base */,
			);
			name = LaunchScreen.storyboard;
			sourceTree = "<group>";
		};
/* End PBXVariantGroup section */

/* Begin XCBuildConfiguration section */
		8CA657B32ADAD6FB00D9C65B /* Debug */ = {
			isa = XCBuildConfiguration;
			buildSettings = {
				ALWAYS_SEARCH_USER_PATHS = NO;
				CLANG_ANALYZER_NONNULL = YES;
				CLANG_ANALYZER_NUMBER_OBJECT_CONVERSION = YES_AGGRESSIVE;
				CLANG_CXX_LANGUAGE_STANDARD = "gnu++20";
				CLANG_ENABLE_MODULES = YES;
				CLANG_ENABLE_OBJC_ARC = YES;
				CLANG_ENABLE_OBJC_WEAK = YES;
				CLANG_WARN_BLOCK_CAPTURE_AUTORELEASING = YES;
				CLANG_WARN_BOOL_CONVERSION = YES;
				CLANG_WARN_COMMA = YES;
				CLANG_WARN_CONSTANT_CONVERSION = YES;
				CLANG_WARN_DEPRECATED_OBJC_IMPLEMENTATIONS = YES;
				CLANG_WARN_DIRECT_OBJC_ISA_USAGE = YES_ERROR;
				CLANG_WARN_DOCUMENTATION_COMMENTS = YES;
				CLANG_WARN_EMPTY_BODY = YES;
				CLANG_WARN_ENUM_CONVERSION = YES;
				CLANG_WARN_INFINITE_RECURSION = YES;
				CLANG_WARN_INT_CONVERSION = YES;
				CLANG_WARN_NON_LITERAL_NULL_CONVERSION = YES;
				CLANG_WARN_OBJC_IMPLICIT_RETAIN_SELF = YES;
				CLANG_WARN_OBJC_LITERAL_CONVERSION = YES;
				CLANG_WARN_OBJC_ROOT_CLASS = YES_ERROR;
				CLANG_WARN_QUOTED_INCLUDE_IN_FRAMEWORK_HEADER = YES;
				CLANG_WARN_RANGE_LOOP_ANALYSIS = YES;
				CLANG_WARN_STRICT_PROTOTYPES = YES;
				CLANG_WARN_SUSPICIOUS_MOVE = YES;
				CLANG_WARN_UNGUARDED_AVAILABILITY = YES_AGGRESSIVE;
				CLANG_WARN_UNREACHABLE_CODE = YES;
				CLANG_WARN__DUPLICATE_METHOD_MATCH = YES;
				COPY_PHASE_STRIP = NO;
				DEBUG_INFORMATION_FORMAT = dwarf;
				ENABLE_STRICT_OBJC_MSGSEND = YES;
				ENABLE_TESTABILITY = YES;
				GCC_C_LANGUAGE_STANDARD = gnu11;
				GCC_DYNAMIC_NO_PIC = NO;
				GCC_NO_COMMON_BLOCKS = YES;
				GCC_OPTIMIZATION_LEVEL = 0;
				GCC_PREPROCESSOR_DEFINITIONS = (
					"DEBUG=1",
					"$(inherited)",
				);
				GCC_WARN_64_TO_32_BIT_CONVERSION = YES;
				GCC_WARN_ABOUT_RETURN_TYPE = YES_ERROR;
				GCC_WARN_UNDECLARED_SELECTOR = YES;
				GCC_WARN_UNINITIALIZED_AUTOS = YES_AGGRESSIVE;
				GCC_WARN_UNUSED_FUNCTION = YES;
				GCC_WARN_UNUSED_VARIABLE = YES;
				IPHONEOS_DEPLOYMENT_TARGET = 16.4;
				MTL_ENABLE_DEBUG_INFO = INCLUDE_SOURCE;
				MTL_FAST_MATH = YES;
				ONLY_ACTIVE_ARCH = YES;
				SDKROOT = iphoneos;
				SWIFT_ACTIVE_COMPILATION_CONDITIONS = DEBUG;
				SWIFT_OPTIMIZATION_LEVEL = "-Onone";
			};
			name = Debug;
		};
		8CA657B42ADAD6FB00D9C65B /* Release */ = {
			isa = XCBuildConfiguration;
			buildSettings = {
				ALWAYS_SEARCH_USER_PATHS = NO;
				CLANG_ANALYZER_NONNULL = YES;
				CLANG_ANALYZER_NUMBER_OBJECT_CONVERSION = YES_AGGRESSIVE;
				CLANG_CXX_LANGUAGE_STANDARD = "gnu++20";
				CLANG_ENABLE_MODULES = YES;
				CLANG_ENABLE_OBJC_ARC = YES;
				CLANG_ENABLE_OBJC_WEAK = YES;
				CLANG_WARN_BLOCK_CAPTURE_AUTORELEASING = YES;
				CLANG_WARN_BOOL_CONVERSION = YES;
				CLANG_WARN_COMMA = YES;
				CLANG_WARN_CONSTANT_CONVERSION = YES;
				CLANG_WARN_DEPRECATED_OBJC_IMPLEMENTATIONS = YES;
				CLANG_WARN_DIRECT_OBJC_ISA_USAGE = YES_ERROR;
				CLANG_WARN_DOCUMENTATION_COMMENTS = YES;
				CLANG_WARN_EMPTY_BODY = YES;
				CLANG_WARN_ENUM_CONVERSION = YES;
				CLANG_WARN_INFINITE_RECURSION = YES;
				CLANG_WARN_INT_CONVERSION = YES;
				CLANG_WARN_NON_LITERAL_NULL_CONVERSION = YES;
				CLANG_WARN_OBJC_IMPLICIT_RETAIN_SELF = YES;
				CLANG_WARN_OBJC_LITERAL_CONVERSION = YES;
				CLANG_WARN_OBJC_ROOT_CLASS = YES_ERROR;
				CLANG_WARN_QUOTED_INCLUDE_IN_FRAMEWORK_HEADER = YES;
				CLANG_WARN_RANGE_LOOP_ANALYSIS = YES;
				CLANG_WARN_STRICT_PROTOTYPES = YES;
				CLANG_WARN_SUSPICIOUS_MOVE = YES;
				CLANG_WARN_UNGUARDED_AVAILABILITY = YES_AGGRESSIVE;
				CLANG_WARN_UNREACHABLE_CODE = YES;
				CLANG_WARN__DUPLICATE_METHOD_MATCH = YES;
				COPY_PHASE_STRIP = NO;
				DEBUG_INFORMATION_FORMAT = "dwarf-with-dsym";
				ENABLE_NS_ASSERTIONS = NO;
				ENABLE_STRICT_OBJC_MSGSEND = YES;
				GCC_C_LANGUAGE_STANDARD = gnu11;
				GCC_NO_COMMON_BLOCKS = YES;
				GCC_WARN_64_TO_32_BIT_CONVERSION = YES;
				GCC_WARN_ABOUT_RETURN_TYPE = YES_ERROR;
				GCC_WARN_UNDECLARED_SELECTOR = YES;
				GCC_WARN_UNINITIALIZED_AUTOS = YES_AGGRESSIVE;
				GCC_WARN_UNUSED_FUNCTION = YES;
				GCC_WARN_UNUSED_VARIABLE = YES;
				IPHONEOS_DEPLOYMENT_TARGET = 16.4;
				MTL_ENABLE_DEBUG_INFO = NO;
				MTL_FAST_MATH = YES;
				SDKROOT = iphoneos;
				SWIFT_COMPILATION_MODE = wholemodule;
				SWIFT_OPTIMIZATION_LEVEL = "-O";
				VALIDATE_PRODUCT = YES;
			};
			name = Release;
		};
		8CA657B62ADAD6FB00D9C65B /* Debug */ = {
			isa = XCBuildConfiguration;
			buildSettings = {
				ASSETCATALOG_COMPILER_APPICON_NAME = AppIcon;
				ASSETCATALOG_COMPILER_GLOBAL_ACCENT_COLOR_NAME = AccentColor;
				CODE_SIGN_STYLE = Automatic;
				CURRENT_PROJECT_VERSION = 1;
				DEVELOPMENT_TEAM = B8GS4783WX;
				GENERATE_INFOPLIST_FILE = YES;
				INFOPLIST_FILE = PlanetApp/SupportingFiles/Info.plist;
				INFOPLIST_KEY_UIApplicationSupportsIndirectInputEvents = YES;
				INFOPLIST_KEY_UILaunchStoryboardName = LaunchScreen;
				INFOPLIST_KEY_UISupportedInterfaceOrientations_iPad = "UIInterfaceOrientationPortrait UIInterfaceOrientationPortraitUpsideDown UIInterfaceOrientationLandscapeLeft UIInterfaceOrientationLandscapeRight";
				INFOPLIST_KEY_UISupportedInterfaceOrientations_iPhone = "UIInterfaceOrientationPortrait UIInterfaceOrientationLandscapeLeft UIInterfaceOrientationLandscapeRight";
				LD_RUNPATH_SEARCH_PATHS = (
					"$(inherited)",
					"@executable_path/Frameworks",
				);
				MARKETING_VERSION = 1.0;
				PRODUCT_BUNDLE_IDENTIFIER = AA.PlanetApp;
				PRODUCT_NAME = "$(TARGET_NAME)";
				SWIFT_EMIT_LOC_STRINGS = YES;
				SWIFT_VERSION = 5.0;
				TARGETED_DEVICE_FAMILY = "1,2";
			};
			name = Debug;
		};
		8CA657B72ADAD6FB00D9C65B /* Release */ = {
			isa = XCBuildConfiguration;
			buildSettings = {
				ASSETCATALOG_COMPILER_APPICON_NAME = AppIcon;
				ASSETCATALOG_COMPILER_GLOBAL_ACCENT_COLOR_NAME = AccentColor;
				CODE_SIGN_STYLE = Automatic;
				CURRENT_PROJECT_VERSION = 1;
				DEVELOPMENT_TEAM = B8GS4783WX;
				GENERATE_INFOPLIST_FILE = YES;
				INFOPLIST_FILE = PlanetApp/SupportingFiles/Info.plist;
				INFOPLIST_KEY_UIApplicationSupportsIndirectInputEvents = YES;
				INFOPLIST_KEY_UILaunchStoryboardName = LaunchScreen;
				INFOPLIST_KEY_UISupportedInterfaceOrientations_iPad = "UIInterfaceOrientationPortrait UIInterfaceOrientationPortraitUpsideDown UIInterfaceOrientationLandscapeLeft UIInterfaceOrientationLandscapeRight";
				INFOPLIST_KEY_UISupportedInterfaceOrientations_iPhone = "UIInterfaceOrientationPortrait UIInterfaceOrientationLandscapeLeft UIInterfaceOrientationLandscapeRight";
				LD_RUNPATH_SEARCH_PATHS = (
					"$(inherited)",
					"@executable_path/Frameworks",
				);
				MARKETING_VERSION = 1.0;
				PRODUCT_BUNDLE_IDENTIFIER = AA.PlanetApp;
				PRODUCT_NAME = "$(TARGET_NAME)";
				SWIFT_EMIT_LOC_STRINGS = YES;
				SWIFT_VERSION = 5.0;
				TARGETED_DEVICE_FAMILY = "1,2";
			};
			name = Release;
		};
/* End XCBuildConfiguration section */

/* Begin XCConfigurationList section */
		8CA6579C2ADAD6F900D9C65B /* Build configuration list for PBXProject "PlanetApp" */ = {
			isa = XCConfigurationList;
			buildConfigurations = (
				8CA657B32ADAD6FB00D9C65B /* Debug */,
				8CA657B42ADAD6FB00D9C65B /* Release */,
			);
			defaultConfigurationIsVisible = 0;
			defaultConfigurationName = Release;
		};
		8CA657B52ADAD6FB00D9C65B /* Build configuration list for PBXNativeTarget "PlanetApp" */ = {
			isa = XCConfigurationList;
			buildConfigurations = (
				8CA657B62ADAD6FB00D9C65B /* Debug */,
				8CA657B72ADAD6FB00D9C65B /* Release */,
			);
			defaultConfigurationIsVisible = 0;
			defaultConfigurationName = Release;
		};
/* End XCConfigurationList section */

/* Begin XCRemoteSwiftPackageReference section */
		8CA657D22ADAD9F800D9C65B /* XCRemoteSwiftPackageReference "lottie-ios" */ = {
			isa = XCRemoteSwiftPackageReference;
			repositoryURL = "https://github.com/airbnb/lottie-ios";
			requirement = {
				kind = upToNextMajorVersion;
				minimumVersion = 4.0.0;
			};
		};
/* End XCRemoteSwiftPackageReference section */

/* Begin XCSwiftPackageProductDependency section */
		8CA657D32ADAD9F800D9C65B /* Lottie */ = {
			isa = XCSwiftPackageProductDependency;
			package = 8CA657D22ADAD9F800D9C65B /* XCRemoteSwiftPackageReference "lottie-ios" */;
			productName = Lottie;
		};
/* End XCSwiftPackageProductDependency section */
	};
	rootObject = 8CA657992ADAD6F900D9C65B /* Project object */;
}
